# This file is automatically @generated by Cargo.
# It is not intended for manual editing.
version = 4

[[package]]
name = "dfdl-vm"
version = "0.1.0"
dependencies = [
 "xml-no-std",
]

[[package]]
name = "xml-no-std"
version = "0.8.26"
source = "registry+https://github.com/rust-lang/crates.io-index"
checksum = "cd223bc94c615fc02bf2f4bbc22a4a9bfe489c2add3ec10b1038df3aca44cac7"
